
Microsoft Visual Studio Solution File, Format Version 12.00
# Visual Studio Version 16
VisualStudioVersion = 16.0.30503.244
MinimumVisualStudioVersion = 10.0.40219.1
Project("{FAE04EC0-301F-11D3-BF4B-00C04F79EFBC}") = "TP02.Android", "TP02\TP02.Android\TP02.Android.csproj", "{E21F7A76-5B0D-4DB9-A7FE-7432BBD41B2E}"
EndProject
Project("{FAE04EC0-301F-11D3-BF4B-00C04F79EFBC}") = "TP02", "TP02\TP02\TP02.csproj", "{B3A04796-25B6-43E0-82C6-2E5A84C13DB6}"
EndProject
Global
	GlobalSection(SolutionConfigurationPlatforms) = preSolution
		Debug|Any CPU = Debug|Any CPU
		Release|Any CPU = Release|Any CPU
	EndGlobalSection
	GlobalSection(ProjectConfigurationPlatforms) = postSolution
		{E21F7A76-5B0D-4DB9-A7FE-7432BBD41B2E}.Debug|Any CPU.ActiveCfg = Debug|Any CPU
		{E21F7A76-5B0D-4DB9-A7FE-7432BBD41B2E}.Debug|Any CPU.Build.0 = Debug|Any CPU
		{E21F7A76-5B0D-4DB9-A7FE-7432BBD41B2E}.Debug|Any CPU.Deploy.0 = Debug|Any CPU
		{E21F7A76-5B0D-4DB9-A7FE-7432BBD41B2E}.Release|Any CPU.ActiveCfg = Release|Any CPU
		{E21F7A76-5B0D-4DB9-A7FE-7432BBD41B2E}.Release|Any CPU.Build.0 = Release|Any CPU
		{E21F7A76-5B0D-4DB9-A7FE-7432BBD41B2E}.Release|Any CPU.Deploy.0 = Release|Any CPU
		{B3A04796-25B6-43E0-82C6-2E5A84C13DB6}.Debug|Any CPU.ActiveCfg = Debug|Any CPU
		{B3A04796-25B6-43E0-82C6-2E5A84C13DB6}.Debug|Any CPU.Build.0 = Debug|Any CPU
		{B3A04796-25B6-43E0-82C6-2E5A84C13DB6}.Debug|Any CPU.Deploy.0 = Debug|Any CPU
		{B3A04796-25B6-43E0-82C6-2E5A84C13DB6}.Release|Any CPU.ActiveCfg = Release|Any CPU
		{B3A04796-25B6-43E0-82C6-2E5A84C13DB6}.Release|Any CPU.Build.0 = Release|Any CPU
		{B3A04796-25B6-43E0-82C6-2E5A84C13DB6}.Release|Any CPU.Deploy.0 = Release|Any CPU
	EndGlobalSection
	GlobalSection(SolutionProperties) = preSolution
		HideSolutionNode = FALSE
	EndGlobalSection
	GlobalSection(ExtensibilityGlobals) = postSolution
		SolutionGuid = {8F38F7CE-222D-4BC3-8E11-799B7BF5EF8A}
	EndGlobalSection
EndGlobal
